
Microsoft Visual Studio Solution File, Format Version 12.00
# Visual Studio Version 16
VisualStudioVersion = 16.0.30711.63
MinimumVisualStudioVersion = 10.0.40219.1
Project("{FAE04EC0-301F-11D3-BF4B-00C04F79EFBC}") = "Quotes.Android", "Quotes\Quotes.Android\Quotes.Android.csproj", "{27399CC8-64C8-40AE-AD2A-873B13CD0E94}"
EndProject
Project("{FAE04EC0-301F-11D3-BF4B-00C04F79EFBC}") = "Quotes.iOS", "Quotes\Quotes.iOS\Quotes.iOS.csproj", "{93555F8B-A522-4675-80A8-E297B9CE3A6B}"
EndProject
Project("{FAE04EC0-301F-11D3-BF4B-00C04F79EFBC}") = "Quotes", "Quotes\Quotes\Quotes.csproj", "{EB63CF12-C2C6-4588-994A-DE64D4DEABC0}"
EndProject
Global
	GlobalSection(SolutionConfigurationPlatforms) = preSolution
		Debug|Any CPU = Debug|Any CPU
		Debug|iPhone = Debug|iPhone
		Debug|iPhoneSimulator = Debug|iPhoneSimulator
		Release|Any CPU = Release|Any CPU
		Release|iPhone = Release|iPhone
		Release|iPhoneSimulator = Release|iPhoneSimulator
	EndGlobalSection
	GlobalSection(ProjectConfigurationPlatforms) = postSolution
		{27399CC8-64C8-40AE-AD2A-873B13CD0E94}.Debug|Any CPU.ActiveCfg = Debug|Any CPU
		{27399CC8-64C8-40AE-AD2A-873B13CD0E94}.Debug|Any CPU.Build.0 = Debug|Any CPU
		{27399CC8-64C8-40AE-AD2A-873B13CD0E94}.Debug|Any CPU.Deploy.0 = Debug|Any CPU
		{27399CC8-64C8-40AE-AD2A-873B13CD0E94}.Debug|iPhone.ActiveCfg = Debug|Any CPU
		{27399CC8-64C8-40AE-AD2A-873B13CD0E94}.Debug|iPhone.Build.0 = Debug|Any CPU
		{27399CC8-64C8-40AE-AD2A-873B13CD0E94}.Debug|iPhone.Deploy.0 = Debug|Any CPU
		{27399CC8-64C8-40AE-AD2A-873B13CD0E94}.Debug|iPhoneSimulator.ActiveCfg = Debug|Any CPU
		{27399CC8-64C8-40AE-AD2A-873B13CD0E94}.Debug|iPhoneSimulator.Build.0 = Debug|Any CPU
		{27399CC8-64C8-40AE-AD2A-873B13CD0E94}.Debug|iPhoneSimulator.Deploy.0 = Debug|Any CPU
		{27399CC8-64C8-40AE-AD2A-873B13CD0E94}.Release|Any CPU.ActiveCfg = Release|Any CPU
		{27399CC8-64C8-40AE-AD2A-873B13CD0E94}.Release|Any CPU.Build.0 = Release|Any CPU
		{27399CC8-64C8-40AE-AD2A-873B13CD0E94}.Release|Any CPU.Deploy.0 = Release|Any CPU
		{27399CC8-64C8-40AE-AD2A-873B13CD0E94}.Release|iPhone.ActiveCfg = Release|Any CPU
		{27399CC8-64C8-40AE-AD2A-873B13CD0E94}.Release|iPhone.Build.0 = Release|Any CPU
		{27399CC8-64C8-40AE-AD2A-873B13CD0E94}.Release|iPhone.Deploy.0 = Release|Any CPU
		{27399CC8-64C8-40AE-AD2A-873B13CD0E94}.Release|iPhoneSimulator.ActiveCfg = Release|Any CPU
		{27399CC8-64C8-40AE-AD2A-873B13CD0E94}.Release|iPhoneSimulator.Build.0 = Release|Any CPU
		{27399CC8-64C8-40AE-AD2A-873B13CD0E94}.Release|iPhoneSimulator.Deploy.0 = Release|Any CPU
		{93555F8B-A522-4675-80A8-E297B9CE3A6B}.Debug|Any CPU.ActiveCfg = Debug|iPhone
		{93555F8B-A522-4675-80A8-E297B9CE3A6B}.Debug|Any CPU.Build.0 = Debug|iPhone
		{93555F8B-A522-4675-80A8-E297B9CE3A6B}.Debug|Any CPU.Deploy.0 = Debug|iPhone
		{93555F8B-A522-4675-80A8-E297B9CE3A6B}.Debug|iPhone.ActiveCfg = Debug|iPhone
		{93555F8B-A522-4675-80A8-E297B9CE3A6B}.Debug|iPhone.Build.0 = Debug|iPhone
		{93555F8B-A522-4675-80A8-E297B9CE3A6B}.Debug|iPhone.Deploy.0 = Debug|iPhone
		{93555F8B-A522-4675-80A8-E297B9CE3A6B}.Debug|iPhoneSimulator.ActiveCfg = Debug|iPhoneSimulator
		{93555F8B-A522-4675-80A8-E297B9CE3A6B}.Debug|iPhoneSimulator.Build.0 = Debug|iPhoneSimulator
		{93555F8B-A522-4675-80A8-E297B9CE3A6B}.Debug|iPhoneSimulator.Deploy.0 = Debug|iPhoneSimulator
		{93555F8B-A522-4675-80A8-E297B9CE3A6B}.Release|Any CPU.ActiveCfg = Release|iPhoneSimulator
		{93555F8B-A522-4675-80A8-E297B9CE3A6B}.Release|Any CPU.Build.0 = Release|iPhoneSimulator
		{93555F8B-A522-4675-80A8-E297B9CE3A6B}.Release|Any CPU.Deploy.0 = Release|iPhoneSimulator
		{93555F8B-A522-4675-80A8-E297B9CE3A6B}.Release|iPhone.ActiveCfg = Release|iPhone
		{93555F8B-A522-4675-80A8-E297B9CE3A6B}.Release|iPhone.Build.0 = Release|iPhone
		{93555F8B-A522-4675-80A8-E297B9CE3A6B}.Release|iPhone.Deploy.0 = Release|iPhone
		{93555F8B-A522-4675-80A8-E297B9CE3A6B}.Release|iPhoneSimulator.ActiveCfg = Release|iPhoneSimulator
		{93555F8B-A522-4675-80A8-E297B9CE3A6B}.Release|iPhoneSimulator.Build.0 = Release|iPhoneSimulator
		{93555F8B-A522-4675-80A8-E297B9CE3A6B}.Release|iPhoneSimulator.Deploy.0 = Release|iPhoneSimulator
		{EB63CF12-C2C6-4588-994A-DE64D4DEABC0}.Debug|Any CPU.ActiveCfg = Debug|Any CPU
		{EB63CF12-C2C6-4588-994A-DE64D4DEABC0}.Debug|Any CPU.Build.0 = Debug|Any CPU
		{EB63CF12-C2C6-4588-994A-DE64D4DEABC0}.Debug|Any CPU.Deploy.0 = Debug|Any CPU
		{EB63CF12-C2C6-4588-994A-DE64D4DEABC0}.Debug|iPhone.ActiveCfg = Debug|Any CPU
		{EB63CF12-C2C6-4588-994A-DE64D4DEABC0}.Debug|iPhone.Build.0 = Debug|Any CPU
		{EB63CF12-C2C6-4588-994A-DE64D4DEABC0}.Debug|iPhone.Deploy.0 = Debug|Any CPU
		{EB63CF12-C2C6-4588-994A-DE64D4DEABC0}.Debug|iPhoneSimulator.ActiveCfg = Debug|Any CPU
		{EB63CF12-C2C6-4588-994A-DE64D4DEABC0}.Debug|iPhoneSimulator.Build.0 = Debug|Any CPU
		{EB63CF12-C2C6-4588-994A-DE64D4DEABC0}.Debug|iPhoneSimulator.Deploy.0 = Debug|Any CPU
		{EB63CF12-C2C6-4588-994A-DE64D4DEABC0}.Release|Any CPU.ActiveCfg = Release|Any CPU
		{EB63CF12-C2C6-4588-994A-DE64D4DEABC0}.Release|Any CPU.Build.0 = Release|Any CPU
		{EB63CF12-C2C6-4588-994A-DE64D4DEABC0}.Release|Any CPU.Deploy.0 = Release|Any CPU
		{EB63CF12-C2C6-4588-994A-DE64D4DEABC0}.Release|iPhone.ActiveCfg = Release|Any CPU
		{EB63CF12-C2C6-4588-994A-DE64D4DEABC0}.Release|iPhone.Build.0 = Release|Any CPU
		{EB63CF12-C2C6-4588-994A-DE64D4DEABC0}.Release|iPhone.Deploy.0 = Release|Any CPU
		{EB63CF12-C2C6-4588-994A-DE64D4DEABC0}.Release|iPhoneSimulator.ActiveCfg = Release|Any CPU
		{EB63CF12-C2C6-4588-994A-DE64D4DEABC0}.Release|iPhoneSimulator.Build.0 = Release|Any CPU
		{EB63CF12-C2C6-4588-994A-DE64D4DEABC0}.Release|iPhoneSimulator.Deploy.0 = Release|Any CPU
	EndGlobalSection
	GlobalSection(SolutionProperties) = preSolution
		HideSolutionNode = FALSE
	EndGlobalSection
	GlobalSection(ExtensibilityGlobals) = postSolution
		SolutionGuid = {89081729-C213-43AC-B71E-5D91A38A9E58}
	EndGlobalSection
EndGlobal
